// !$*UTF8*$!
{
	archiveVersion = 1;
	classes = {
	};
	objectVersion = 55;
	objects = {

/* Begin PBXBuildFile section */
		9C50A23926D2C6AD00529863 /* CollageNeueModel.swift in Sources */ = {isa = PBXBuildFile; fileRef = 9C50A23826D2C6AD00529863 /* CollageNeueModel.swift */; };
		9CCA481726D27033000CF7FE /* CollageNeueApp.swift in Sources */ = {isa = PBXBuildFile; fileRef = 9CCA481626D27033000CF7FE /* CollageNeueApp.swift */; };
		9CCA481926D27033000CF7FE /* MainView.swift in Sources */ = {isa = PBXBuildFile; fileRef = 9CCA481826D27033000CF7FE /* MainView.swift */; };
		9CCA481B26D27034000CF7FE /* Assets.xcassets in Resources */ = {isa = PBXBuildFile; fileRef = 9CCA481A26D27034000CF7FE /* Assets.xcassets */; };
		9CCA482526D2716C000CF7FE /* PhotosView.swift in Sources */ = {isa = PBXBuildFile; fileRef = 9CCA482426D2716C000CF7FE /* PhotosView.swift */; };
		9CCA483526D27904000CF7FE /* UIImage+Collage.swift in Sources */ = {isa = PBXBuildFile; fileRef = 9CCA483126D27904000CF7FE /* UIImage+Collage.swift */; };
		9CCA483626D27904000CF7FE /* PHPhotoLibrary+Combine.swift in Sources */ = {isa = PBXBuildFile; fileRef = 9CCA483226D27904000CF7FE /* PHPhotoLibrary+Combine.swift */; };
		9CCA483726D27904000CF7FE /* PhotoWriter.swift in Sources */ = {isa = PBXBuildFile; fileRef = 9CCA483326D27904000CF7FE /* PhotoWriter.swift */; };
		9CCA483826D27904000CF7FE /* UIViewController+Combine.swift in Sources */ = {isa = PBXBuildFile; fileRef = 9CCA483426D27904000CF7FE /* UIViewController+Combine.swift */; };
/* End PBXBuildFile section */

/* Begin PBXFileReference section */
		9C50A23826D2C6AD00529863 /* CollageNeueModel.swift */ = {isa = PBXFileReference; lastKnownFileType = sourcecode.swift; path = CollageNeueModel.swift; sourceTree = "<group>"; };
		9CCA481326D27032000CF7FE /* CollageNeue.app */ = {isa = PBXFileReference; explicitFileType = wrapper.application; includeInIndex = 0; path = CollageNeue.app; sourceTree = BUILT_PRODUCTS_DIR; };
		9CCA481626D27033000CF7FE /* CollageNeueApp.swift */ = {isa = PBXFileReference; lastKnownFileType = sourcecode.swift; path = CollageNeueApp.swift; sourceTree = "<group>"; };
		9CCA481826D27033000CF7FE /* MainView.swift */ = {isa = PBXFileReference; lastKnownFileType = sourcecode.swift; path = MainView.swift; sourceTree = "<group>"; };
		9CCA481A26D27034000CF7FE /* Assets.xcassets */ = {isa = PBXFileReference; lastKnownFileType = folder.assetcatalog; path = Assets.xcassets; sourceTree = "<group>"; };
		9CCA482426D2716C000CF7FE /* PhotosView.swift */ = {isa = PBXFileReference; lastKnownFileType = sourcecode.swift; path = PhotosView.swift; sourceTree = "<group>"; };
		9CCA483126D27904000CF7FE /* UIImage+Collage.swift */ = {isa = PBXFileReference; fileEncoding = 4; lastKnownFileType = sourcecode.swift; path = "UIImage+Collage.swift"; sourceTree = "<group>"; };
		9CCA483226D27904000CF7FE /* PHPhotoLibrary+Combine.swift */ = {isa = PBXFileReference; fileEncoding = 4; lastKnownFileType = sourcecode.swift; path = "PHPhotoLibrary+Combine.swift"; sourceTree = "<group>"; };
		9CCA483326D27904000CF7FE /* PhotoWriter.swift */ = {isa = PBXFileReference; fileEncoding = 4; lastKnownFileType = sourcecode.swift; path = PhotoWriter.swift; sourceTree = "<group>"; };
		9CCA483426D27904000CF7FE /* UIViewController+Combine.swift */ = {isa = PBXFileReference; fileEncoding = 4; lastKnownFileType = sourcecode.swift; path = "UIViewController+Combine.swift"; sourceTree = "<group>"; };
/* End PBXFileReference section */

/* Begin PBXFrameworksBuildPhase section */
		9CCA481026D27032000CF7FE /* Frameworks */ = {
			isa = PBXFrameworksBuildPhase;
			buildActionMask = 2147483647;
			files = (
			);
			runOnlyForDeploymentPostprocessing = 0;
		};
/* End PBXFrameworksBuildPhase section */

/* Begin PBXGroup section */
		9C50A23A26D3959300529863 /* Model */ = {
			isa = PBXGroup;
			children = (
				9C50A23826D2C6AD00529863 /* CollageNeueModel.swift */,
			);
			path = Model;
			sourceTree = "<group>";
		};
		9CCA480A26D27032000CF7FE = {
			isa = PBXGroup;
			children = (
				9CCA481526D27032000CF7FE /* CollageNeue */,
				9CCA481426D27032000CF7FE /* Products */,
			);
			indentWidth = 2;
			sourceTree = "<group>";
			tabWidth = 2;
		};
		9CCA481426D27032000CF7FE /* Products */ = {
			isa = PBXGroup;
			children = (
				9CCA481326D27032000CF7FE /* CollageNeue.app */,
			);
			name = Products;
			sourceTree = "<group>";
		};
		9CCA481526D27032000CF7FE /* CollageNeue */ = {
			isa = PBXGroup;
			children = (
				9C50A23A26D3959300529863 /* Model */,
				9CCA482826D278BE000CF7FE /* Utilities */,
				9CCA481626D27033000CF7FE /* CollageNeueApp.swift */,
				9CCA481826D27033000CF7FE /* MainView.swift */,
				9CCA482426D2716C000CF7FE /* PhotosView.swift */,
				9CCA481A26D27034000CF7FE /* Assets.xcassets */,
			);
			path = CollageNeue;
			sourceTree = "<group>";
		};
		9CCA482826D278BE000CF7FE /* Utilities */ = {
			isa = PBXGroup;
			children = (
				9CCA483326D27904000CF7FE /* PhotoWriter.swift */,
				9CCA483226D27904000CF7FE /* PHPhotoLibrary+Combine.swift */,
				9CCA483126D27904000CF7FE /* UIImage+Collage.swift */,
				9CCA483426D27904000CF7FE /* UIViewController+Combine.swift */,
			);
			path = Utilities;
			sourceTree = "<group>";
		};
/* End PBXGroup section */

/* Begin PBXNativeTarget section */
		9CCA481226D27032000CF7FE /* CollageNeue */ = {
			isa = PBXNativeTarget;
			buildConfigurationList = 9CCA482126D27034000CF7FE /* Build configuration list for PBXNativeTarget "CollageNeue" */;
			buildPhases = (
				9CCA480F26D27032000CF7FE /* Sources */,
				9CCA481026D27032000CF7FE /* Frameworks */,
				9CCA481126D27032000CF7FE /* Resources */,
			);
			buildRules = (
			);
			dependencies = (
			);
			name = CollageNeue;
			productName = CollageNeue;
			productReference = 9CCA481326D27032000CF7FE /* CollageNeue.app */;
			productType = "com.apple.product-type.application";
		};
/* End PBXNativeTarget section */

/* Begin PBXProject section */
		9CCA480B26D27032000CF7FE /* Project object */ = {
			isa = PBXProject;
			attributes = {
				BuildIndependentTargetsInParallel = 1;
				LastSwiftUpdateCheck = 1300;
				LastUpgradeCheck = 1300;
				TargetAttributes = {
					9CCA481226D27032000CF7FE = {
						CreatedOnToolsVersion = 13.0;
					};
				};
			};
			buildConfigurationList = 9CCA480E26D27032000CF7FE /* Build configuration list for PBXProject "CollageNeue" */;
			compatibilityVersion = "Xcode 13.0";
			developmentRegion = en;
			hasScannedForEncodings = 0;
			knownRegions = (
				en,
				Base,
			);
			mainGroup = 9CCA480A26D27032000CF7FE;
			productRefGroup = 9CCA481426D27032000CF7FE /* Products */;
			projectDirPath = "";
			projectRoot = "";
			targets = (
				9CCA481226D27032000CF7FE /* CollageNeue */,
			);
		};
/* End PBXProject section */

/* Begin PBXResourcesBuildPhase section */
		9CCA481126D27032000CF7FE /* Resources */ = {
			isa = PBXResourcesBuildPhase;
			buildActionMask = 2147483647;
			files = (
				9CCA481B26D27034000CF7FE /* Assets.xcassets in Resources */,
			);
			runOnlyForDeploymentPostprocessing = 0;
		};
/* End PBXResourcesBuildPhase section */

/* Begin PBXSourcesBuildPhase section */
		9CCA480F26D27032000CF7FE /* Sources */ = {
			isa = PBXSourcesBuildPhase;
			buildActionMask = 2147483647;
			files = (
				9C50A23926D2C6AD00529863 /* CollageNeueModel.swift in Sources */,
				9CCA481926D27033000CF7FE /* MainView.swift in Sources */,
				9CCA481726D27033000CF7FE /* CollageNeueApp.swift in Sources */,
				9CCA483626D27904000CF7FE /* PHPhotoLibrary+Combine.swift in Sources */,
				9CCA483726D27904000CF7FE /* PhotoWriter.swift in Sources */,
				9CCA482526D2716C000CF7FE /* PhotosView.swift in Sources */,
				9CCA483826D27904000CF7FE /* UIViewController+Combine.swift in Sources */,
				9CCA483526D27904000CF7FE /* UIImage+Collage.swift in Sources */,
			);
			runOnlyForDeploymentPostprocessing = 0;
		};
/* End PBXSourcesBuildPhase section */

/* Begin XCBuildConfiguration section */
		9CCA481F26D27034000CF7FE /* Debug */ = {
			isa = XCBuildConfiguration;
			buildSettings = {
				ALWAYS_SEARCH_USER_PATHS = NO;
				CLANG_ANALYZER_NONNULL = YES;
				CLANG_ANALYZER_NUMBER_OBJECT_CONVERSION = YES_AGGRESSIVE;
				CLANG_CXX_LANGUAGE_STANDARD = "gnu++17";
				CLANG_CXX_LIBRARY = "libc++";
				CLANG_ENABLE_MODULES = YES;
				CLANG_ENABLE_OBJC_ARC = YES;
				CLANG_ENABLE_OBJC_WEAK = YES;
				CLANG_WARN_BLOCK_CAPTURE_AUTORELEASING = YES;
				CLANG_WARN_BOOL_CONVERSION = YES;
				CLANG_WARN_COMMA = YES;
				CLANG_WARN_CONSTANT_CONVERSION = YES;
				CLANG_WARN_DEPRECATED_OBJC_IMPLEMENTATIONS = YES;
				CLANG_WARN_DIRECT_OBJC_ISA_USAGE = YES_ERROR;
				CLANG_WARN_DOCUMENTATION_COMMENTS = YES;
				CLANG_WARN_EMPTY_BODY = YES;
				CLANG_WARN_ENUM_CONVERSION = YES;
				CLANG_WARN_INFINITE_RECURSION = YES;
				CLANG_WARN_INT_CONVERSION = YES;
				CLANG_WARN_NON_LITERAL_NULL_CONVERSION = YES;
				CLANG_WARN_OBJC_IMPLICIT_RETAIN_SELF = YES;
				CLANG_WARN_OBJC_LITERAL_CONVERSION = YES;
				CLANG_WARN_OBJC_ROOT_CLASS = YES_ERROR;
				CLANG_WARN_QUOTED_INCLUDE_IN_FRAMEWORK_HEADER = YES;
				CLANG_WARN_RANGE_LOOP_ANALYSIS = YES;
				CLANG_WARN_STRICT_PROTOTYPES = YES;
				CLANG_WARN_SUSPICIOUS_MOVE = YES;
				CLANG_WARN_UNGUARDED_AVAILABILITY = YES_AGGRESSIVE;
				CLANG_WARN_UNREACHABLE_CODE = YES;
				CLANG_WARN__DUPLICATE_METHOD_MATCH = YES;
				COPY_PHASE_STRIP = NO;
				DEBUG_INFORMATION_FORMAT = dwarf;
				ENABLE_STRICT_OBJC_MSGSEND = YES;
				ENABLE_TESTABILITY = YES;
				GCC_C_LANGUAGE_STANDARD = gnu11;
				GCC_DYNAMIC_NO_PIC = NO;
				GCC_NO_COMMON_BLOCKS = YES;
				GCC_OPTIMIZATION_LEVEL = 0;
				GCC_PREPROCESSOR_DEFINITIONS = (
					"DEBUG=1",
					"$(inherited)",
				);
				GCC_WARN_64_TO_32_BIT_CONVERSION = YES;
				GCC_WARN_ABOUT_RETURN_TYPE = YES_ERROR;
				GCC_WARN_UNDECLARED_SELECTOR = YES;
				GCC_WARN_UNINITIALIZED_AUTOS = YES_AGGRESSIVE;
				GCC_WARN_UNUSED_FUNCTION = YES;
				GCC_WARN_UNUSED_VARIABLE = YES;
				IPHONEOS_DEPLOYMENT_TARGET = 15.0;
				MTL_ENABLE_DEBUG_INFO = INCLUDE_SOURCE;
				MTL_FAST_MATH = YES;
				ONLY_ACTIVE_ARCH = YES;
				SDKROOT = iphoneos;
				SWIFT_ACTIVE_COMPILATION_CONDITIONS = DEBUG;
				SWIFT_OPTIMIZATION_LEVEL = "-Onone";
			};
			name = Debug;
		};
		9CCA482026D27034000CF7FE /* Release */ = {
			isa = XCBuildConfiguration;
			buildSettings = {
				ALWAYS_SEARCH_USER_PATHS = NO;
				CLANG_ANALYZER_NONNULL = YES;
				CLANG_ANALYZER_NUMBER_OBJECT_CONVERSION = YES_AGGRESSIVE;
				CLANG_CXX_LANGUAGE_STANDARD = "gnu++17";
				CLANG_CXX_LIBRARY = "libc++";
				CLANG_ENABLE_MODULES = YES;
				CLANG_ENABLE_OBJC_ARC = YES;
				CLANG_ENABLE_OBJC_WEAK = YES;
				CLANG_WARN_BLOCK_CAPTURE_AUTORELEASING = YES;
				CLANG_WARN_BOOL_CONVERSION = YES;
				CLANG_WARN_COMMA = YES;
				CLANG_WARN_CONSTANT_CONVERSION = YES;
				CLANG_WARN_DEPRECATED_OBJC_IMPLEMENTATIONS = YES;
				CLANG_WARN_DIRECT_OBJC_ISA_USAGE = YES_ERROR;
				CLANG_WARN_DOCUMENTATION_COMMENTS = YES;
				CLANG_WARN_EMPTY_BODY = YES;
				CLANG_WARN_ENUM_CONVERSION = YES;
				CLANG_WARN_INFINITE_RECURSION = YES;
				CLANG_WARN_INT_CONVERSION = YES;
				CLANG_WARN_NON_LITERAL_NULL_CONVERSION = YES;
				CLANG_WARN_OBJC_IMPLICIT_RETAIN_SELF = YES;
				CLANG_WARN_OBJC_LITERAL_CONVERSION = YES;
				CLANG_WARN_OBJC_ROOT_CLASS = YES_ERROR;
				CLANG_WARN_QUOTED_INCLUDE_IN_FRAMEWORK_HEADER = YES;
				CLANG_WARN_RANGE_LOOP_ANALYSIS = YES;
				CLANG_WARN_STRICT_PROTOTYPES = YES;
				CLANG_WARN_SUSPICIOUS_MOVE = YES;
				CLANG_WARN_UNGUARDED_AVAILABILITY = YES_AGGRESSIVE;
				CLANG_WARN_UNREACHABLE_CODE = YES;
				CLANG_WARN__DUPLICATE_METHOD_MATCH = YES;
				COPY_PHASE_STRIP = NO;
				DEBUG_INFORMATION_FORMAT = "dwarf-with-dsym";
				ENABLE_NS_ASSERTIONS = NO;
				ENABLE_STRICT_OBJC_MSGSEND = YES;
				GCC_C_LANGUAGE_STANDARD = gnu11;
				GCC_NO_COMMON_BLOCKS = YES;
				GCC_WARN_64_TO_32_BIT_CONVERSION = YES;
				GCC_WARN_ABOUT_RETURN_TYPE = YES_ERROR;
				GCC_WARN_UNDECLARED_SELECTOR = YES;
				GCC_WARN_UNINITIALIZED_AUTOS = YES_AGGRESSIVE;
				GCC_WARN_UNUSED_FUNCTION = YES;
				GCC_WARN_UNUSED_VARIABLE = YES;
				IPHONEOS_DEPLOYMENT_TARGET = 15.0;
				MTL_ENABLE_DEBUG_INFO = NO;
				MTL_FAST_MATH = YES;
				SDKROOT = iphoneos;
				SWIFT_COMPILATION_MODE = wholemodule;
				SWIFT_OPTIMIZATION_LEVEL = "-O";
				VALIDATE_PRODUCT = YES;
			};
			name = Release;
		};
		9CCA482226D27034000CF7FE /* Debug */ = {
			isa = XCBuildConfiguration;
			buildSettings = {
				ASSETCATALOG_COMPILER_APPICON_NAME = AppIcon;
				ASSETCATALOG_COMPILER_GLOBAL_ACCENT_COLOR_NAME = AccentColor;
				CODE_SIGN_STYLE = Automatic;
				CURRENT_PROJECT_VERSION = 1;
				DEVELOPMENT_ASSET_PATHS = "";
				ENABLE_PREVIEWS = YES;
				GENERATE_INFOPLIST_FILE = YES;
				INFOPLIST_KEY_NSPhotoLibraryUsageDescription = "We need access to your device's photo library to allow you to select photos for your collage";
				INFOPLIST_KEY_UIApplicationSceneManifest_Generation = YES;
				INFOPLIST_KEY_UIApplicationSupportsIndirectInputEvents = YES;
				INFOPLIST_KEY_UILaunchScreen_Generation = YES;
				INFOPLIST_KEY_UISupportedInterfaceOrientations = UIInterfaceOrientationPortrait;
				INFOPLIST_KEY_UISupportedInterfaceOrientations_iPad = "UIInterfaceOrientationPortrait UIInterfaceOrientationPortraitUpsideDown UIInterfaceOrientationLandscapeLeft UIInterfaceOrientationLandscapeRight";
				INFOPLIST_KEY_UISupportedInterfaceOrientations_iPhone = "UIInterfaceOrientationPortrait UIInterfaceOrientationLandscapeLeft UIInterfaceOrientationLandscapeRight";
				IPHONEOS_DEPLOYMENT_TARGET = 15.0;
				LD_RUNPATH_SEARCH_PATHS = (
					"$(inherited)",
					"@executable_path/Frameworks",
				);
				MARKETING_VERSION = 1.0;
				PRODUCT_BUNDLE_IDENTIFIER = com.razeware.CollageNeue;
				PRODUCT_NAME = "$(TARGET_NAME)";
				SWIFT_EMIT_LOC_STRINGS = YES;
				SWIFT_VERSION = 5.0;
				TARGETED_DEVICE_FAMILY = 1;
			};
			name = Debug;
		};
		9CCA482326D27034000CF7FE /* Release */ = {
			isa = XCBuildConfiguration;
			buildSettings = {
				ASSETCATALOG_COMPILER_APPICON_NAME = AppIcon;
				ASSETCATALOG_COMPILER_GLOBAL_ACCENT_COLOR_NAME = AccentColor;
				CODE_SIGN_STYLE = Automatic;
				CURRENT_PROJECT_VERSION = 1;
				DEVELOPMENT_ASSET_PATHS = "";
				ENABLE_PREVIEWS = YES;
				GENERATE_INFOPLIST_FILE = YES;
				INFOPLIST_KEY_NSPhotoLibraryUsageDescription = "We need access to your device's photo library to allow you to select photos for your collage";
				INFOPLIST_KEY_UIApplicationSceneManifest_Generation = YES;
				INFOPLIST_KEY_UIApplicationSupportsIndirectInputEvents = YES;
				INFOPLIST_KEY_UILaunchScreen_Generation = YES;
				INFOPLIST_KEY_UISupportedInterfaceOrientations = UIInterfaceOrientationPortrait;
				INFOPLIST_KEY_UISupportedInterfaceOrientations_iPad = "UIInterfaceOrientationPortrait UIInterfaceOrientationPortraitUpsideDown UIInterfaceOrientationLandscapeLeft UIInterfaceOrientationLandscapeRight";
				INFOPLIST_KEY_UISupportedInterfaceOrientations_iPhone = "UIInterfaceOrientationPortrait UIInterfaceOrientationLandscapeLeft UIInterfaceOrientationLandscapeRight";
				IPHONEOS_DEPLOYMENT_TARGET = 15.0;
				LD_RUNPATH_SEARCH_PATHS = (
					"$(inherited)",
					"@executable_path/Frameworks",
				);
				MARKETING_VERSION = 1.0;
				PRODUCT_BUNDLE_IDENTIFIER = com.razeware.CollageNeue;
				PRODUCT_NAME = "$(TARGET_NAME)";
				SWIFT_EMIT_LOC_STRINGS = YES;
				SWIFT_VERSION = 5.0;
				TARGETED_DEVICE_FAMILY = 1;
			};
			name = Release;
		};
/* End XCBuildConfiguration section */

/* Begin XCConfigurationList section */
		9CCA480E26D27032000CF7FE /* Build configuration list for PBXProject "CollageNeue" */ = {
			isa = XCConfigurationList;
			buildConfigurations = (
				9CCA481F26D27034000CF7FE /* Debug */,
				9CCA482026D27034000CF7FE /* Release */,
			);
			defaultConfigurationIsVisible = 0;
			defaultConfigurationName = Release;
		};
		9CCA482126D27034000CF7FE /* Build configuration list for PBXNativeTarget "CollageNeue" */ = {
			isa = XCConfigurationList;
			buildConfigurations = (
				9CCA482226D27034000CF7FE /* Debug */,
				9CCA482326D27034000CF7FE /* Release */,
			);
			defaultConfigurationIsVisible = 0;
			defaultConfigurationName = Release;
		};
/* End XCConfigurationList section */
	};
	rootObject = 9CCA480B26D27032000CF7FE /* Project object */;
}
