// !$*UTF8*$!
{
	archiveVersion = 1;
	classes = {
	};
	objectVersion = 50;
	objects = {

/* Begin PBXBuildFile section */
		D22E4F3823104AF400F5C170 /* CalculatorViewModel.swift in Sources */ = {isa = PBXBuildFile; fileRef = D22E4F3723104AF400F5C170 /* CalculatorViewModel.swift */; };
		D22E4F3A231061C900F5C170 /* DisplayView.swift in Sources */ = {isa = PBXBuildFile; fileRef = D22E4F39231061C900F5C170 /* DisplayView.swift */; };
		D2400D8D23106BB200DC4B4D /* ColorName.swift in Sources */ = {isa = PBXBuildFile; fileRef = D2400D8C23106BB200DC4B4D /* ColorName.swift */; };
		D2400D90231074B900DC4B4D /* Color+.swift in Sources */ = {isa = PBXBuildFile; fileRef = D2400D8F231074B900DC4B4D /* Color+.swift */; };
		D254421423145D2F00D1DF62 /* CombineOperatorsTests.swift in Sources */ = {isa = PBXBuildFile; fileRef = D254421323145D2F00D1DF62 /* CombineOperatorsTests.swift */; };
		D2594423231ADCD500004A09 /* ShareReplay.swift in Sources */ = {isa = PBXBuildFile; fileRef = D2594422231ADCD500004A09 /* ShareReplay.swift */; };
		D2E805ED2310439500E68452 /* AppDelegate.swift in Sources */ = {isa = PBXBuildFile; fileRef = D2E805EC2310439500E68452 /* AppDelegate.swift */; };
		D2E805EF2310439500E68452 /* SceneDelegate.swift in Sources */ = {isa = PBXBuildFile; fileRef = D2E805EE2310439500E68452 /* SceneDelegate.swift */; };
		D2E805F12310439500E68452 /* CalculatorView.swift in Sources */ = {isa = PBXBuildFile; fileRef = D2E805F02310439500E68452 /* CalculatorView.swift */; };
		D2E805F32310439600E68452 /* Assets.xcassets in Resources */ = {isa = PBXBuildFile; fileRef = D2E805F22310439600E68452 /* Assets.xcassets */; };
		D2E805F62310439600E68452 /* Preview Assets.xcassets in Resources */ = {isa = PBXBuildFile; fileRef = D2E805F52310439600E68452 /* Preview Assets.xcassets */; };
		D2E805F92310439600E68452 /* LaunchScreen.storyboard in Resources */ = {isa = PBXBuildFile; fileRef = D2E805F72310439600E68452 /* LaunchScreen.storyboard */; };
		D2E806042310439600E68452 /* ColorCalcTests.swift in Sources */ = {isa = PBXBuildFile; fileRef = D2E806032310439600E68452 /* ColorCalcTests.swift */; };
		D2E8060F2310448F00E68452 /* CalculatorButton.swift in Sources */ = {isa = PBXBuildFile; fileRef = D2E8060E2310448F00E68452 /* CalculatorButton.swift */; };
/* End PBXBuildFile section */

/* Begin PBXContainerItemProxy section */
		D2E806002310439600E68452 /* PBXContainerItemProxy */ = {
			isa = PBXContainerItemProxy;
			containerPortal = D2E805E12310439500E68452 /* Project object */;
			proxyType = 1;
			remoteGlobalIDString = D2E805E82310439500E68452;
			remoteInfo = ColorCalc;
		};
/* End PBXContainerItemProxy section */

/* Begin PBXFileReference section */
		D22E4F3723104AF400F5C170 /* CalculatorViewModel.swift */ = {isa = PBXFileReference; lastKnownFileType = sourcecode.swift; path = CalculatorViewModel.swift; sourceTree = "<group>"; };
		D22E4F39231061C900F5C170 /* DisplayView.swift */ = {isa = PBXFileReference; lastKnownFileType = sourcecode.swift; path = DisplayView.swift; sourceTree = "<group>"; };
		D2400D8C23106BB200DC4B4D /* ColorName.swift */ = {isa = PBXFileReference; lastKnownFileType = sourcecode.swift; path = ColorName.swift; sourceTree = "<group>"; };
		D2400D8F231074B900DC4B4D /* Color+.swift */ = {isa = PBXFileReference; lastKnownFileType = sourcecode.swift; path = "Color+.swift"; sourceTree = "<group>"; };
		D254421323145D2F00D1DF62 /* CombineOperatorsTests.swift */ = {isa = PBXFileReference; lastKnownFileType = sourcecode.swift; path = CombineOperatorsTests.swift; sourceTree = "<group>"; };
		D2594422231ADCD500004A09 /* ShareReplay.swift */ = {isa = PBXFileReference; lastKnownFileType = sourcecode.swift; path = ShareReplay.swift; sourceTree = "<group>"; };
		D2E805E92310439500E68452 /* ColorCalc.app */ = {isa = PBXFileReference; explicitFileType = wrapper.application; includeInIndex = 0; path = ColorCalc.app; sourceTree = BUILT_PRODUCTS_DIR; };
		D2E805EC2310439500E68452 /* AppDelegate.swift */ = {isa = PBXFileReference; lastKnownFileType = sourcecode.swift; path = AppDelegate.swift; sourceTree = "<group>"; };
		D2E805EE2310439500E68452 /* SceneDelegate.swift */ = {isa = PBXFileReference; lastKnownFileType = sourcecode.swift; path = SceneDelegate.swift; sourceTree = "<group>"; };
		D2E805F02310439500E68452 /* CalculatorView.swift */ = {isa = PBXFileReference; lastKnownFileType = sourcecode.swift; path = CalculatorView.swift; sourceTree = "<group>"; };
		D2E805F22310439600E68452 /* Assets.xcassets */ = {isa = PBXFileReference; lastKnownFileType = folder.assetcatalog; path = Assets.xcassets; sourceTree = "<group>"; };
		D2E805F52310439600E68452 /* Preview Assets.xcassets */ = {isa = PBXFileReference; lastKnownFileType = folder.assetcatalog; path = "Preview Assets.xcassets"; sourceTree = "<group>"; };
		D2E805F82310439600E68452 /* Base */ = {isa = PBXFileReference; lastKnownFileType = file.storyboard; name = Base; path = Base.lproj/LaunchScreen.storyboard; sourceTree = "<group>"; };
		D2E805FA2310439600E68452 /* Info.plist */ = {isa = PBXFileReference; lastKnownFileType = text.plist.xml; path = Info.plist; sourceTree = "<group>"; };
		D2E805FF2310439600E68452 /* ColorCalcTests.xctest */ = {isa = PBXFileReference; explicitFileType = wrapper.cfbundle; includeInIndex = 0; path = ColorCalcTests.xctest; sourceTree = BUILT_PRODUCTS_DIR; };
		D2E806032310439600E68452 /* ColorCalcTests.swift */ = {isa = PBXFileReference; lastKnownFileType = sourcecode.swift; path = ColorCalcTests.swift; sourceTree = "<group>"; };
		D2E806052310439600E68452 /* Info.plist */ = {isa = PBXFileReference; lastKnownFileType = text.plist.xml; path = Info.plist; sourceTree = "<group>"; };
		D2E8060E2310448F00E68452 /* CalculatorButton.swift */ = {isa = PBXFileReference; lastKnownFileType = sourcecode.swift; path = CalculatorButton.swift; sourceTree = "<group>"; };
/* End PBXFileReference section */

/* Begin PBXFrameworksBuildPhase section */
		D2E805E62310439500E68452 /* Frameworks */ = {
			isa = PBXFrameworksBuildPhase;
			buildActionMask = 2147483647;
			files = (
			);
			runOnlyForDeploymentPostprocessing = 0;
		};
		D2E805FC2310439600E68452 /* Frameworks */ = {
			isa = PBXFrameworksBuildPhase;
			buildActionMask = 2147483647;
			files = (
			);
			runOnlyForDeploymentPostprocessing = 0;
		};
/* End PBXFrameworksBuildPhase section */

/* Begin PBXGroup section */
		D22E4F3623104AD100F5C170 /* View Models */ = {
			isa = PBXGroup;
			children = (
				D22E4F3723104AF400F5C170 /* CalculatorViewModel.swift */,
			);
			path = "View Models";
			sourceTree = "<group>";
		};
		D2400D8B23106B9800DC4B4D /* Models */ = {
			isa = PBXGroup;
			children = (
				D2400D8C23106BB200DC4B4D /* ColorName.swift */,
			);
			path = Models;
			sourceTree = "<group>";
		};
		D2400D8E231074A600DC4B4D /* Extensions */ = {
			isa = PBXGroup;
			children = (
				D2400D8F231074B900DC4B4D /* Color+.swift */,
			);
			path = Extensions;
			sourceTree = "<group>";
		};
		D2E805E02310439500E68452 = {
			isa = PBXGroup;
			children = (
				D2E805EB2310439500E68452 /* ColorCalc */,
				D2E806022310439600E68452 /* ColorCalcTests */,
				D2E805EA2310439500E68452 /* Products */,
			);
			sourceTree = "<group>";
		};
		D2E805EA2310439500E68452 /* Products */ = {
			isa = PBXGroup;
			children = (
				D2E805E92310439500E68452 /* ColorCalc.app */,
				D2E805FF2310439600E68452 /* ColorCalcTests.xctest */,
			);
			name = Products;
			sourceTree = "<group>";
		};
		D2E805EB2310439500E68452 /* ColorCalc */ = {
			isa = PBXGroup;
			children = (
				D2E806112310485E00E68452 /* App */,
				D2400D8B23106B9800DC4B4D /* Models */,
				D2E806102310484B00E68452 /* Views */,
				D22E4F3623104AD100F5C170 /* View Models */,
				D2E806122310488000E68452 /* Supporting Files */,
			);
			path = ColorCalc;
			sourceTree = "<group>";
		};
		D2E805F42310439600E68452 /* Preview Content */ = {
			isa = PBXGroup;
			children = (
				D2E805F52310439600E68452 /* Preview Assets.xcassets */,
			);
			path = "Preview Content";
			sourceTree = "<group>";
		};
		D2E806022310439600E68452 /* ColorCalcTests */ = {
			isa = PBXGroup;
			children = (
				D2E806032310439600E68452 /* ColorCalcTests.swift */,
				D254421323145D2F00D1DF62 /* CombineOperatorsTests.swift */,
				D2E806052310439600E68452 /* Info.plist */,
				D2594422231ADCD500004A09 /* ShareReplay.swift */,
			);
			path = ColorCalcTests;
			sourceTree = "<group>";
		};
		D2E806102310484B00E68452 /* Views */ = {
			isa = PBXGroup;
			children = (
				D2E8060E2310448F00E68452 /* CalculatorButton.swift */,
				D2E805F02310439500E68452 /* CalculatorView.swift */,
				D22E4F39231061C900F5C170 /* DisplayView.swift */,
			);
			path = Views;
			sourceTree = "<group>";
		};
		D2E806112310485E00E68452 /* App */ = {
			isa = PBXGroup;
			children = (
				D2E805EC2310439500E68452 /* AppDelegate.swift */,
				D2E805EE2310439500E68452 /* SceneDelegate.swift */,
			);
			path = App;
			sourceTree = "<group>";
		};
		D2E806122310488000E68452 /* Supporting Files */ = {
			isa = PBXGroup;
			children = (
				D2400D8E231074A600DC4B4D /* Extensions */,
				D2E805F22310439600E68452 /* Assets.xcassets */,
				D2E805FA2310439600E68452 /* Info.plist */,
				D2E805F72310439600E68452 /* LaunchScreen.storyboard */,
				D2E805F42310439600E68452 /* Preview Content */,
			);
			name = "Supporting Files";
			sourceTree = "<group>";
		};
/* End PBXGroup section */

/* Begin PBXNativeTarget section */
		D2E805E82310439500E68452 /* ColorCalc */ = {
			isa = PBXNativeTarget;
			buildConfigurationList = D2E806082310439600E68452 /* Build configuration list for PBXNativeTarget "ColorCalc" */;
			buildPhases = (
				D2E805E52310439500E68452 /* Sources */,
				D2E805E62310439500E68452 /* Frameworks */,
				D2E805E72310439500E68452 /* Resources */,
			);
			buildRules = (
			);
			dependencies = (
			);
			name = ColorCalc;
			productName = ColorCalc;
			productReference = D2E805E92310439500E68452 /* ColorCalc.app */;
			productType = "com.apple.product-type.application";
		};
		D2E805FE2310439600E68452 /* ColorCalcTests */ = {
			isa = PBXNativeTarget;
			buildConfigurationList = D2E8060B2310439600E68452 /* Build configuration list for PBXNativeTarget "ColorCalcTests" */;
			buildPhases = (
				D2E805FB2310439600E68452 /* Sources */,
				D2E805FC2310439600E68452 /* Frameworks */,
				D2E805FD2310439600E68452 /* Resources */,
			);
			buildRules = (
			);
			dependencies = (
				D2E806012310439600E68452 /* PBXTargetDependency */,
			);
			name = ColorCalcTests;
			productName = ColorCalcTests;
			productReference = D2E805FF2310439600E68452 /* ColorCalcTests.xctest */;
			productType = "com.apple.product-type.bundle.unit-test";
		};
/* End PBXNativeTarget section */

/* Begin PBXProject section */
		D2E805E12310439500E68452 /* Project object */ = {
			isa = PBXProject;
			attributes = {
				LastSwiftUpdateCheck = 1100;
				LastUpgradeCheck = 1200;
				ORGANIZATIONNAME = "Scott Gardner";
				TargetAttributes = {
					D2E805E82310439500E68452 = {
						CreatedOnToolsVersion = 11.0;
					};
					D2E805FE2310439600E68452 = {
						CreatedOnToolsVersion = 11.0;
						TestTargetID = D2E805E82310439500E68452;
					};
				};
			};
			buildConfigurationList = D2E805E42310439500E68452 /* Build configuration list for PBXProject "ColorCalc" */;
			compatibilityVersion = "Xcode 9.3";
			developmentRegion = en;
			hasScannedForEncodings = 0;
			knownRegions = (
				en,
				Base,
			);
			mainGroup = D2E805E02310439500E68452;
			productRefGroup = D2E805EA2310439500E68452 /* Products */;
			projectDirPath = "";
			projectRoot = "";
			targets = (
				D2E805E82310439500E68452 /* ColorCalc */,
				D2E805FE2310439600E68452 /* ColorCalcTests */,
			);
		};
/* End PBXProject section */

/* Begin PBXResourcesBuildPhase section */
		D2E805E72310439500E68452 /* Resources */ = {
			isa = PBXResourcesBuildPhase;
			buildActionMask = 2147483647;
			files = (
				D2E805F92310439600E68452 /* LaunchScreen.storyboard in Resources */,
				D2E805F62310439600E68452 /* Preview Assets.xcassets in Resources */,
				D2E805F32310439600E68452 /* Assets.xcassets in Resources */,
			);
			runOnlyForDeploymentPostprocessing = 0;
		};
		D2E805FD2310439600E68452 /* Resources */ = {
			isa = PBXResourcesBuildPhase;
			buildActionMask = 2147483647;
			files = (
			);
			runOnlyForDeploymentPostprocessing = 0;
		};
/* End PBXResourcesBuildPhase section */

/* Begin PBXSourcesBuildPhase section */
		D2E805E52310439500E68452 /* Sources */ = {
			isa = PBXSourcesBuildPhase;
			buildActionMask = 2147483647;
			files = (
				D22E4F3A231061C900F5C170 /* DisplayView.swift in Sources */,
				D2400D90231074B900DC4B4D /* Color+.swift in Sources */,
				D2E805ED2310439500E68452 /* AppDelegate.swift in Sources */,
				D2E805EF2310439500E68452 /* SceneDelegate.swift in Sources */,
				D2E8060F2310448F00E68452 /* CalculatorButton.swift in Sources */,
				D2E805F12310439500E68452 /* CalculatorView.swift in Sources */,
				D22E4F3823104AF400F5C170 /* CalculatorViewModel.swift in Sources */,
				D2400D8D23106BB200DC4B4D /* ColorName.swift in Sources */,
			);
			runOnlyForDeploymentPostprocessing = 0;
		};
		D2E805FB2310439600E68452 /* Sources */ = {
			isa = PBXSourcesBuildPhase;
			buildActionMask = 2147483647;
			files = (
				D2E806042310439600E68452 /* ColorCalcTests.swift in Sources */,
				D254421423145D2F00D1DF62 /* CombineOperatorsTests.swift in Sources */,
				D2594423231ADCD500004A09 /* ShareReplay.swift in Sources */,
			);
			runOnlyForDeploymentPostprocessing = 0;
		};
/* End PBXSourcesBuildPhase section */

/* Begin PBXTargetDependency section */
		D2E806012310439600E68452 /* PBXTargetDependency */ = {
			isa = PBXTargetDependency;
			target = D2E805E82310439500E68452 /* ColorCalc */;
			targetProxy = D2E806002310439600E68452 /* PBXContainerItemProxy */;
		};
/* End PBXTargetDependency section */

/* Begin PBXVariantGroup section */
		D2E805F72310439600E68452 /* LaunchScreen.storyboard */ = {
			isa = PBXVariantGroup;
			children = (
				D2E805F82310439600E68452 /* Base */,
			);
			name = LaunchScreen.storyboard;
			sourceTree = "<group>";
		};
/* End PBXVariantGroup section */

/* Begin XCBuildConfiguration section */
		D2E806062310439600E68452 /* Debug */ = {
			isa = XCBuildConfiguration;
			buildSettings = {
				ALWAYS_SEARCH_USER_PATHS = NO;
				CLANG_ANALYZER_NONNULL = YES;
				CLANG_ANALYZER_NUMBER_OBJECT_CONVERSION = YES_AGGRESSIVE;
				CLANG_CXX_LANGUAGE_STANDARD = "gnu++14";
				CLANG_CXX_LIBRARY = "libc++";
				CLANG_ENABLE_MODULES = YES;
				CLANG_ENABLE_OBJC_ARC = YES;
				CLANG_ENABLE_OBJC_WEAK = YES;
				CLANG_WARN_BLOCK_CAPTURE_AUTORELEASING = YES;
				CLANG_WARN_BOOL_CONVERSION = YES;
				CLANG_WARN_COMMA = YES;
				CLANG_WARN_CONSTANT_CONVERSION = YES;
				CLANG_WARN_DEPRECATED_OBJC_IMPLEMENTATIONS = YES;
				CLANG_WARN_DIRECT_OBJC_ISA_USAGE = YES_ERROR;
				CLANG_WARN_DOCUMENTATION_COMMENTS = YES;
				CLANG_WARN_EMPTY_BODY = YES;
				CLANG_WARN_ENUM_CONVERSION = YES;
				CLANG_WARN_INFINITE_RECURSION = YES;
				CLANG_WARN_INT_CONVERSION = YES;
				CLANG_WARN_NON_LITERAL_NULL_CONVERSION = YES;
				CLANG_WARN_OBJC_IMPLICIT_RETAIN_SELF = YES;
				CLANG_WARN_OBJC_LITERAL_CONVERSION = YES;
				CLANG_WARN_OBJC_ROOT_CLASS = YES_ERROR;
				CLANG_WARN_QUOTED_INCLUDE_IN_FRAMEWORK_HEADER = YES;
				CLANG_WARN_RANGE_LOOP_ANALYSIS = YES;
				CLANG_WARN_STRICT_PROTOTYPES = YES;
				CLANG_WARN_SUSPICIOUS_MOVE = YES;
				CLANG_WARN_UNGUARDED_AVAILABILITY = YES_AGGRESSIVE;
				CLANG_WARN_UNREACHABLE_CODE = YES;
				CLANG_WARN__DUPLICATE_METHOD_MATCH = YES;
				COPY_PHASE_STRIP = NO;
				DEBUG_INFORMATION_FORMAT = dwarf;
				ENABLE_STRICT_OBJC_MSGSEND = YES;
				ENABLE_TESTABILITY = YES;
				GCC_C_LANGUAGE_STANDARD = gnu11;
				GCC_DYNAMIC_NO_PIC = NO;
				GCC_NO_COMMON_BLOCKS = YES;
				GCC_OPTIMIZATION_LEVEL = 0;
				GCC_PREPROCESSOR_DEFINITIONS = (
					"DEBUG=1",
					"$(inherited)",
				);
				GCC_WARN_64_TO_32_BIT_CONVERSION = YES;
				GCC_WARN_ABOUT_RETURN_TYPE = YES_ERROR;
				GCC_WARN_UNDECLARED_SELECTOR = YES;
				GCC_WARN_UNINITIALIZED_AUTOS = YES_AGGRESSIVE;
				GCC_WARN_UNUSED_FUNCTION = YES;
				GCC_WARN_UNUSED_VARIABLE = YES;
				IPHONEOS_DEPLOYMENT_TARGET = 14.0;
				MTL_ENABLE_DEBUG_INFO = INCLUDE_SOURCE;
				MTL_FAST_MATH = YES;
				ONLY_ACTIVE_ARCH = YES;
				SDKROOT = iphoneos;
				SWIFT_ACTIVE_COMPILATION_CONDITIONS = DEBUG;
				SWIFT_OPTIMIZATION_LEVEL = "-Onone";
			};
			name = Debug;
		};
		D2E806072310439600E68452 /* Release */ = {
			isa = XCBuildConfiguration;
			buildSettings = {
				ALWAYS_SEARCH_USER_PATHS = NO;
				CLANG_ANALYZER_NONNULL = YES;
				CLANG_ANALYZER_NUMBER_OBJECT_CONVERSION = YES_AGGRESSIVE;
				CLANG_CXX_LANGUAGE_STANDARD = "gnu++14";
				CLANG_CXX_LIBRARY = "libc++";
				CLANG_ENABLE_MODULES = YES;
				CLANG_ENABLE_OBJC_ARC = YES;
				CLANG_ENABLE_OBJC_WEAK = YES;
				CLANG_WARN_BLOCK_CAPTURE_AUTORELEASING = YES;
				CLANG_WARN_BOOL_CONVERSION = YES;
				CLANG_WARN_COMMA = YES;
				CLANG_WARN_CONSTANT_CONVERSION = YES;
				CLANG_WARN_DEPRECATED_OBJC_IMPLEMENTATIONS = YES;
				CLANG_WARN_DIRECT_OBJC_ISA_USAGE = YES_ERROR;
				CLANG_WARN_DOCUMENTATION_COMMENTS = YES;
				CLANG_WARN_EMPTY_BODY = YES;
				CLANG_WARN_ENUM_CONVERSION = YES;
				CLANG_WARN_INFINITE_RECURSION = YES;
				CLANG_WARN_INT_CONVERSION = YES;
				CLANG_WARN_NON_LITERAL_NULL_CONVERSION = YES;
				CLANG_WARN_OBJC_IMPLICIT_RETAIN_SELF = YES;
				CLANG_WARN_OBJC_LITERAL_CONVERSION = YES;
				CLANG_WARN_OBJC_ROOT_CLASS = YES_ERROR;
				CLANG_WARN_QUOTED_INCLUDE_IN_FRAMEWORK_HEADER = YES;
				CLANG_WARN_RANGE_LOOP_ANALYSIS = YES;
				CLANG_WARN_STRICT_PROTOTYPES = YES;
				CLANG_WARN_SUSPICIOUS_MOVE = YES;
				CLANG_WARN_UNGUARDED_AVAILABILITY = YES_AGGRESSIVE;
				CLANG_WARN_UNREACHABLE_CODE = YES;
				CLANG_WARN__DUPLICATE_METHOD_MATCH = YES;
				COPY_PHASE_STRIP = NO;
				DEBUG_INFORMATION_FORMAT = "dwarf-with-dsym";
				ENABLE_NS_ASSERTIONS = NO;
				ENABLE_STRICT_OBJC_MSGSEND = YES;
				GCC_C_LANGUAGE_STANDARD = gnu11;
				GCC_NO_COMMON_BLOCKS = YES;
				GCC_WARN_64_TO_32_BIT_CONVERSION = YES;
				GCC_WARN_ABOUT_RETURN_TYPE = YES_ERROR;
				GCC_WARN_UNDECLARED_SELECTOR = YES;
				GCC_WARN_UNINITIALIZED_AUTOS = YES_AGGRESSIVE;
				GCC_WARN_UNUSED_FUNCTION = YES;
				GCC_WARN_UNUSED_VARIABLE = YES;
				IPHONEOS_DEPLOYMENT_TARGET = 14.0;
				MTL_ENABLE_DEBUG_INFO = NO;
				MTL_FAST_MATH = YES;
				SDKROOT = iphoneos;
				SWIFT_COMPILATION_MODE = wholemodule;
				SWIFT_OPTIMIZATION_LEVEL = "-O";
				VALIDATE_PRODUCT = YES;
			};
			name = Release;
		};
		D2E806092310439600E68452 /* Debug */ = {
			isa = XCBuildConfiguration;
			buildSettings = {
				ASSETCATALOG_COMPILER_APPICON_NAME = AppIcon;
				CODE_SIGN_STYLE = Automatic;
				DEVELOPMENT_ASSET_PATHS = "\"ColorCalc/Preview Content\"";
				DEVELOPMENT_TEAM = CX893E63R7;
				ENABLE_PREVIEWS = YES;
				INFOPLIST_FILE = ColorCalc/Info.plist;
				LD_RUNPATH_SEARCH_PATHS = (
					"$(inherited)",
					"@executable_path/Frameworks",
				);
				PRODUCT_BUNDLE_IDENTIFIER = com.raywenderlich.ColorCalc;
				PRODUCT_NAME = "$(TARGET_NAME)";
				SWIFT_VERSION = 5.0;
				TARGETED_DEVICE_FAMILY = "1,2";
			};
			name = Debug;
		};
		D2E8060A2310439600E68452 /* Release */ = {
			isa = XCBuildConfiguration;
			buildSettings = {
				ASSETCATALOG_COMPILER_APPICON_NAME = AppIcon;
				CODE_SIGN_STYLE = Automatic;
				DEVELOPMENT_ASSET_PATHS = "\"ColorCalc/Preview Content\"";
				DEVELOPMENT_TEAM = CX893E63R7;
				ENABLE_PREVIEWS = YES;
				INFOPLIST_FILE = ColorCalc/Info.plist;
				LD_RUNPATH_SEARCH_PATHS = (
					"$(inherited)",
					"@executable_path/Frameworks",
				);
				PRODUCT_BUNDLE_IDENTIFIER = com.raywenderlich.ColorCalc;
				PRODUCT_NAME = "$(TARGET_NAME)";
				SWIFT_VERSION = 5.0;
				TARGETED_DEVICE_FAMILY = "1,2";
			};
			name = Release;
		};
		D2E8060C2310439600E68452 /* Debug */ = {
			isa = XCBuildConfiguration;
			buildSettings = {
				ALWAYS_EMBED_SWIFT_STANDARD_LIBRARIES = YES;
				BUNDLE_LOADER = "$(TEST_HOST)";
				CODE_SIGN_STYLE = Automatic;
				DEVELOPMENT_TEAM = CX893E63R7;
				INFOPLIST_FILE = ColorCalcTests/Info.plist;
				IPHONEOS_DEPLOYMENT_TARGET = 14.0;
				LD_RUNPATH_SEARCH_PATHS = (
					"$(inherited)",
					"@executable_path/Frameworks",
					"@loader_path/Frameworks",
				);
				PRODUCT_BUNDLE_IDENTIFIER = com.raywenderlich.ColorCalcTests;
				PRODUCT_NAME = "$(TARGET_NAME)";
				SWIFT_VERSION = 5.0;
				TARGETED_DEVICE_FAMILY = "1,2";
				TEST_HOST = "$(BUILT_PRODUCTS_DIR)/ColorCalc.app/ColorCalc";
			};
			name = Debug;
		};
		D2E8060D2310439600E68452 /* Release */ = {
			isa = XCBuildConfiguration;
			buildSettings = {
				ALWAYS_EMBED_SWIFT_STANDARD_LIBRARIES = YES;
				BUNDLE_LOADER = "$(TEST_HOST)";
				CODE_SIGN_STYLE = Automatic;
				DEVELOPMENT_TEAM = CX893E63R7;
				INFOPLIST_FILE = ColorCalcTests/Info.plist;
				IPHONEOS_DEPLOYMENT_TARGET = 14.0;
				LD_RUNPATH_SEARCH_PATHS = (
					"$(inherited)",
					"@executable_path/Frameworks",
					"@loader_path/Frameworks",
				);
				PRODUCT_BUNDLE_IDENTIFIER = com.raywenderlich.ColorCalcTests;
				PRODUCT_NAME = "$(TARGET_NAME)";
				SWIFT_VERSION = 5.0;
				TARGETED_DEVICE_FAMILY = "1,2";
				TEST_HOST = "$(BUILT_PRODUCTS_DIR)/ColorCalc.app/ColorCalc";
			};
			name = Release;
		};
/* End XCBuildConfiguration section */

/* Begin XCConfigurationList section */
		D2E805E42310439500E68452 /* Build configuration list for PBXProject "ColorCalc" */ = {
			isa = XCConfigurationList;
			buildConfigurations = (
				D2E806062310439600E68452 /* Debug */,
				D2E806072310439600E68452 /* Release */,
			);
			defaultConfigurationIsVisible = 0;
			defaultConfigurationName = Release;
		};
		D2E806082310439600E68452 /* Build configuration list for PBXNativeTarget "ColorCalc" */ = {
			isa = XCConfigurationList;
			buildConfigurations = (
				D2E806092310439600E68452 /* Debug */,
				D2E8060A2310439600E68452 /* Release */,
			);
			defaultConfigurationIsVisible = 0;
			defaultConfigurationName = Release;
		};
		D2E8060B2310439600E68452 /* Build configuration list for PBXNativeTarget "ColorCalcTests" */ = {
			isa = XCConfigurationList;
			buildConfigurations = (
				D2E8060C2310439600E68452 /* Debug */,
				D2E8060D2310439600E68452 /* Release */,
			);
			defaultConfigurationIsVisible = 0;
			defaultConfigurationName = Release;
		};
/* End XCConfigurationList section */
	};
	rootObject = D2E805E12310439500E68452 /* Project object */;
}
